// !$*UTF8*$!
{
	archiveVersion = 1;
	classes = {
	};
	objectVersion = 46;
	objects = {

/* Begin PBXBuildFile section */
		A4EAB5C51CC1DB09009E128A /* Cocoa.framework in Frameworks */ = {isa = PBXBuildFile; fileRef = A4EAB5C41CC1DB09009E128A /* Cocoa.framework */; };
		A4EAB5C71CC1DB0F009E128A /* OpenGL.framework in Frameworks */ = {isa = PBXBuildFile; fileRef = A4EAB5C61CC1DB0F009E128A /* OpenGL.framework */; };
		A4EAB5C91CC1DB15009E128A /* GLUT.framework in Frameworks */ = {isa = PBXBuildFile; fileRef = A4EAB5C81CC1DB15009E128A /* GLUT.framework */; };
		A4EAB5D31CC1DFE0009E128A /* control.cpp in Sources */ = {isa = PBXBuildFile; fileRef = A4EAB5CB1CC1DFE0009E128A /* control.cpp */; };
		A4EAB5D41CC1DFE0009E128A /* image.cpp in Sources */ = {isa = PBXBuildFile; fileRef = A4EAB5CD1CC1DFE0009E128A /* image.cpp */; };
		A4EAB5D51CC1DFE0009E128A /* ip.cpp in Sources */ = {isa = PBXBuildFile; fileRef = A4EAB5CF1CC1DFE0009E128A /* ip.cpp */; };
		A4EAB5D61CC1DFE0009E128A /* main.cpp in Sources */ = {isa = PBXBuildFile; fileRef = A4EAB5D11CC1DFE0009E128A /* main.cpp */; };
		A4EAB5E31CC1E2BF009E128A /* image_DXT.c in Sources */ = {isa = PBXBuildFile; fileRef = A4EAB5D91CC1E2BF009E128A /* image_DXT.c */; };
		A4EAB5E41CC1E2BF009E128A /* image_helper.c in Sources */ = {isa = PBXBuildFile; fileRef = A4EAB5DB1CC1E2BF009E128A /* image_helper.c */; };
		A4EAB5E51CC1E2BF009E128A /* SOIL.c in Sources */ = {isa = PBXBuildFile; fileRef = A4EAB5DD1CC1E2BF009E128A /* SOIL.c */; };
		A4EAB5E61CC1E2BF009E128A /* stb_image_aug.c in Sources */ = {isa = PBXBuildFile; fileRef = A4EAB5DF1CC1E2BF009E128A /* stb_image_aug.c */; };
/* End PBXBuildFile section */

/* Begin PBXCopyFilesBuildPhase section */
		A4EAB5B81CC1DAD7009E128A /* CopyFiles */ = {
			isa = PBXCopyFilesBuildPhase;
			buildActionMask = 2147483647;
			dstPath = /usr/share/man/man1/;
			dstSubfolderSpec = 0;
			files = (
			);
			runOnlyForDeploymentPostprocessing = 1;
		};
/* End PBXCopyFilesBuildPhase section */

/* Begin PBXFileReference section */
		A4EAB5BA1CC1DAD7009E128A /* CS155Project4-WangTiles */ = {isa = PBXFileReference; explicitFileType = "compiled.mach-o.executable"; includeInIndex = 0; path = "CS155Project4-WangTiles"; sourceTree = BUILT_PRODUCTS_DIR; };
		A4EAB5C41CC1DB09009E128A /* Cocoa.framework */ = {isa = PBXFileReference; lastKnownFileType = wrapper.framework; name = Cocoa.framework; path = System/Library/Frameworks/Cocoa.framework; sourceTree = SDKROOT; };
		A4EAB5C61CC1DB0F009E128A /* OpenGL.framework */ = {isa = PBXFileReference; lastKnownFileType = wrapper.framework; name = OpenGL.framework; path = System/Library/Frameworks/OpenGL.framework; sourceTree = SDKROOT; };
		A4EAB5C81CC1DB15009E128A /* GLUT.framework */ = {isa = PBXFileReference; lastKnownFileType = wrapper.framework; name = GLUT.framework; path = System/Library/Frameworks/GLUT.framework; sourceTree = SDKROOT; };
		A4EAB5CA1CC1DFE0009E128A /* common.h */ = {isa = PBXFileReference; fileEncoding = 4; lastKnownFileType = sourcecode.c.h; path = common.h; sourceTree = "<group>"; };
		A4EAB5CB1CC1DFE0009E128A /* control.cpp */ = {isa = PBXFileReference; fileEncoding = 4; lastKnownFileType = sourcecode.cpp.cpp; path = control.cpp; sourceTree = "<group>"; };
		A4EAB5CC1CC1DFE0009E128A /* control.h */ = {isa = PBXFileReference; fileEncoding = 4; lastKnownFileType = sourcecode.c.h; path = control.h; sourceTree = "<group>"; };
		A4EAB5CD1CC1DFE0009E128A /* image.cpp */ = {isa = PBXFileReference; fileEncoding = 4; lastKnownFileType = sourcecode.cpp.cpp; path = image.cpp; sourceTree = "<group>"; };
		A4EAB5CE1CC1DFE0009E128A /* image.h */ = {isa = PBXFileReference; fileEncoding = 4; lastKnownFileType = sourcecode.c.h; path = image.h; sourceTree = "<group>"; };
		A4EAB5CF1CC1DFE0009E128A /* ip.cpp */ = {isa = PBXFileReference; fileEncoding = 4; lastKnownFileType = sourcecode.cpp.cpp; path = ip.cpp; sourceTree = "<group>"; };
		A4EAB5D01CC1DFE0009E128A /* ip.h */ = {isa = PBXFileReference; fileEncoding = 4; lastKnownFileType = sourcecode.c.h; path = ip.h; sourceTree = "<group>"; };
		A4EAB5D11CC1DFE0009E128A /* main.cpp */ = {isa = PBXFileReference; fileEncoding = 4; lastKnownFileType = sourcecode.cpp.cpp; path = main.cpp; sourceTree = "<group>"; };
		A4EAB5D21CC1DFE0009E128A /* main.h */ = {isa = PBXFileReference; fileEncoding = 4; lastKnownFileType = sourcecode.c.h; path = main.h; sourceTree = "<group>"; };
		A4EAB5D91CC1E2BF009E128A /* image_DXT.c */ = {isa = PBXFileReference; fileEncoding = 4; lastKnownFileType = sourcecode.c.c; name = image_DXT.c; path = SOIL/image_DXT.c; sourceTree = "<group>"; };
		A4EAB5DA1CC1E2BF009E128A /* image_DXT.h */ = {isa = PBXFileReference; fileEncoding = 4; lastKnownFileType = sourcecode.c.h; name = image_DXT.h; path = SOIL/image_DXT.h; sourceTree = "<group>"; };
		A4EAB5DB1CC1E2BF009E128A /* image_helper.c */ = {isa = PBXFileReference; fileEncoding = 4; lastKnownFileType = sourcecode.c.c; name = image_helper.c; path = SOIL/image_helper.c; sourceTree = "<group>"; };
		A4EAB5DC1CC1E2BF009E128A /* image_helper.h */ = {isa = PBXFileReference; fileEncoding = 4; lastKnownFileType = sourcecode.c.h; name = image_helper.h; path = SOIL/image_helper.h; sourceTree = "<group>"; };
		A4EAB5DD1CC1E2BF009E128A /* SOIL.c */ = {isa = PBXFileReference; fileEncoding = 4; lastKnownFileType = sourcecode.c.c; name = SOIL.c; path = SOIL/SOIL.c; sourceTree = "<group>"; };
		A4EAB5DE1CC1E2BF009E128A /* SOIL.h */ = {isa = PBXFileReference; fileEncoding = 4; lastKnownFileType = sourcecode.c.h; name = SOIL.h; path = SOIL/SOIL.h; sourceTree = "<group>"; };
		A4EAB5DF1CC1E2BF009E128A /* stb_image_aug.c */ = {isa = PBXFileReference; fileEncoding = 4; lastKnownFileType = sourcecode.c.c; name = stb_image_aug.c; path = SOIL/stb_image_aug.c; sourceTree = "<group>"; };
		A4EAB5E01CC1E2BF009E128A /* stb_image_aug.h */ = {isa = PBXFileReference; fileEncoding = 4; lastKnownFileType = sourcecode.c.h; name = stb_image_aug.h; path = SOIL/stb_image_aug.h; sourceTree = "<group>"; };
		A4EAB5E11CC1E2BF009E128A /* stbi_DDS_aug_c.h */ = {isa = PBXFileReference; fileEncoding = 4; lastKnownFileType = sourcecode.c.h; name = stbi_DDS_aug_c.h; path = SOIL/stbi_DDS_aug_c.h; sourceTree = "<group>"; };
		A4EAB5E21CC1E2BF009E128A /* stbi_DDS_aug.h */ = {isa = PBXFileReference; fileEncoding = 4; lastKnownFileType = sourcecode.c.h; name = stbi_DDS_aug.h; path = SOIL/stbi_DDS_aug.h; sourceTree = "<group>"; };
/* End PBXFileReference section */

/* Begin PBXFrameworksBuildPhase section */
		A4EAB5B71CC1DAD7009E128A /* Frameworks */ = {
			isa = PBXFrameworksBuildPhase;
			buildActionMask = 2147483647;
			files = (
				A4EAB5C91CC1DB15009E128A /* GLUT.framework in Frameworks */,
				A4EAB5C71CC1DB0F009E128A /* OpenGL.framework in Frameworks */,
				A4EAB5C51CC1DB09009E128A /* Cocoa.framework in Frameworks */,
			);
			runOnlyForDeploymentPostprocessing = 0;
		};
/* End PBXFrameworksBuildPhase section */

/* Begin PBXGroup section */
		A4EAB5B11CC1DAD7009E128A = {
			isa = PBXGroup;
			children = (
				A4EAB5C81CC1DB15009E128A /* GLUT.framework */,
				A4EAB5C61CC1DB0F009E128A /* OpenGL.framework */,
				A4EAB5C41CC1DB09009E128A /* Cocoa.framework */,
				A4EAB5BC1CC1DAD7009E128A /* CS155Project4-WangTiles */,
				A4EAB5BB1CC1DAD7009E128A /* Products */,
			);
			sourceTree = "<group>";
		};
		A4EAB5BB1CC1DAD7009E128A /* Products */ = {
			isa = PBXGroup;
			children = (
				A4EAB5BA1CC1DAD7009E128A /* CS155Project4-WangTiles */,
			);
			name = Products;
			sourceTree = "<group>";
		};
		A4EAB5BC1CC1DAD7009E128A /* CS155Project4-WangTiles */ = {
			isa = PBXGroup;
			children = (
				A4EAB5D81CC1E2A6009E128A /* SOIL */,
				A4EAB5CA1CC1DFE0009E128A /* common.h */,
				A4EAB5CB1CC1DFE0009E128A /* control.cpp */,
				A4EAB5CC1CC1DFE0009E128A /* control.h */,
				A4EAB5CD1CC1DFE0009E128A /* image.cpp */,
				A4EAB5CE1CC1DFE0009E128A /* image.h */,
				A4EAB5CF1CC1DFE0009E128A /* ip.cpp */,
				A4EAB5D01CC1DFE0009E128A /* ip.h */,
				A4EAB5D11CC1DFE0009E128A /* main.cpp */,
				A4EAB5D21CC1DFE0009E128A /* main.h */,
			);
			path = "CS155Project4-WangTiles";
			sourceTree = "<group>";
		};
		A4EAB5D81CC1E2A6009E128A /* SOIL */ = {
			isa = PBXGroup;
			children = (
				A4EAB5D91CC1E2BF009E128A /* image_DXT.c */,
				A4EAB5DA1CC1E2BF009E128A /* image_DXT.h */,
				A4EAB5DB1CC1E2BF009E128A /* image_helper.c */,
				A4EAB5DC1CC1E2BF009E128A /* image_helper.h */,
				A4EAB5DD1CC1E2BF009E128A /* SOIL.c */,
				A4EAB5DE1CC1E2BF009E128A /* SOIL.h */,
				A4EAB5DF1CC1E2BF009E128A /* stb_image_aug.c */,
				A4EAB5E01CC1E2BF009E128A /* stb_image_aug.h */,
				A4EAB5E11CC1E2BF009E128A /* stbi_DDS_aug_c.h */,
				A4EAB5E21CC1E2BF009E128A /* stbi_DDS_aug.h */,
			);
			name = SOIL;
			sourceTree = "<group>";
		};
/* End PBXGroup section */

/* Begin PBXNativeTarget section */
		A4EAB5B91CC1DAD7009E128A /* CS155Project4-WangTiles */ = {
			isa = PBXNativeTarget;
			buildConfigurationList = A4EAB5C11CC1DAD7009E128A /* Build configuration list for PBXNativeTarget "CS155Project4-WangTiles" */;
			buildPhases = (
				A4EAB5B61CC1DAD7009E128A /* Sources */,
				A4EAB5B71CC1DAD7009E128A /* Frameworks */,
				A4EAB5B81CC1DAD7009E128A /* CopyFiles */,
			);
			buildRules = (
			);
			dependencies = (
			);
			name = "CS155Project4-WangTiles";
			productName = "CS155Project4-WangTiles";
			productReference = A4EAB5BA1CC1DAD7009E128A /* CS155Project4-WangTiles */;
			productType = "com.apple.product-type.tool";
		};
/* End PBXNativeTarget section */

/* Begin PBXProject section */
		A4EAB5B21CC1DAD7009E128A /* Project object */ = {
			isa = PBXProject;
			attributes = {
				LastUpgradeCheck = 0630;
				ORGANIZATIONNAME = "Xiaotian Wang";
				TargetAttributes = {
					A4EAB5B91CC1DAD7009E128A = {
						CreatedOnToolsVersion = 6.3;
					};
				};
			};
			buildConfigurationList = A4EAB5B51CC1DAD7009E128A /* Build configuration list for PBXProject "CS155Project4-WangTiles" */;
			compatibilityVersion = "Xcode 3.2";
			developmentRegion = English;
			hasScannedForEncodings = 0;
			knownRegions = (
				en,
			);
			mainGroup = A4EAB5B11CC1DAD7009E128A;
			productRefGroup = A4EAB5BB1CC1DAD7009E128A /* Products */;
			projectDirPath = "";
			projectRoot = "";
			targets = (
				A4EAB5B91CC1DAD7009E128A /* CS155Project4-WangTiles */,
			);
		};
/* End PBXProject section */

/* Begin PBXSourcesBuildPhase section */
		A4EAB5B61CC1DAD7009E128A /* Sources */ = {
			isa = PBXSourcesBuildPhase;
			buildActionMask = 2147483647;
			files = (
				A4EAB5D51CC1DFE0009E128A /* ip.cpp in Sources */,
				A4EAB5D31CC1DFE0009E128A /* control.cpp in Sources */,
				A4EAB5D61CC1DFE0009E128A /* main.cpp in Sources */,
				A4EAB5E41CC1E2BF009E128A /* image_helper.c in Sources */,
				A4EAB5E51CC1E2BF009E128A /* SOIL.c in Sources */,
				A4EAB5D41CC1DFE0009E128A /* image.cpp in Sources */,
				A4EAB5E31CC1E2BF009E128A /* image_DXT.c in Sources */,
				A4EAB5E61CC1E2BF009E128A /* stb_image_aug.c in Sources */,
			);
			runOnlyForDeploymentPostprocessing = 0;
		};
/* End PBXSourcesBuildPhase section */

/* Begin XCBuildConfiguration section */
		A4EAB5BF1CC1DAD7009E128A /* Debug */ = {
			isa = XCBuildConfiguration;
			buildSettings = {
				ALWAYS_SEARCH_USER_PATHS = NO;
				CLANG_CXX_LANGUAGE_STANDARD = "gnu++0x";
				CLANG_CXX_LIBRARY = "libc++";
				CLANG_ENABLE_MODULES = YES;
				CLANG_ENABLE_OBJC_ARC = YES;
				CLANG_WARN_BOOL_CONVERSION = YES;
				CLANG_WARN_CONSTANT_CONVERSION = YES;
				CLANG_WARN_DIRECT_OBJC_ISA_USAGE = YES_ERROR;
				CLANG_WARN_EMPTY_BODY = YES;
				CLANG_WARN_ENUM_CONVERSION = YES;
				CLANG_WARN_INT_CONVERSION = YES;
				CLANG_WARN_OBJC_ROOT_CLASS = YES_ERROR;
				CLANG_WARN_UNREACHABLE_CODE = YES;
				CLANG_WARN__DUPLICATE_METHOD_MATCH = YES;
				COPY_PHASE_STRIP = NO;
				DEBUG_INFORMATION_FORMAT = dwarf;
				ENABLE_STRICT_OBJC_MSGSEND = YES;
				GCC_C_LANGUAGE_STANDARD = gnu99;
				GCC_DYNAMIC_NO_PIC = NO;
				GCC_NO_COMMON_BLOCKS = YES;
				GCC_OPTIMIZATION_LEVEL = 0;
				GCC_PREPROCESSOR_DEFINITIONS = (
					"DEBUG=1",
					"$(inherited)",
				);
				GCC_SYMBOLS_PRIVATE_EXTERN = NO;
				GCC_WARN_64_TO_32_BIT_CONVERSION = YES;
				GCC_WARN_ABOUT_RETURN_TYPE = YES_ERROR;
				GCC_WARN_UNDECLARED_SELECTOR = YES;
				GCC_WARN_UNINITIALIZED_AUTOS = YES_AGGRESSIVE;
				GCC_WARN_UNUSED_FUNCTION = YES;
				GCC_WARN_UNUSED_VARIABLE = YES;
				MACOSX_DEPLOYMENT_TARGET = 10.11;
				MTL_ENABLE_DEBUG_INFO = YES;
				ONLY_ACTIVE_ARCH = YES;
				SDKROOT = macosx;
			};
			name = Debug;
		};
		A4EAB5C01CC1DAD7009E128A /* Release */ = {
			isa = XCBuildConfiguration;
			buildSettings = {
				ALWAYS_SEARCH_USER_PATHS = NO;
				CLANG_CXX_LANGUAGE_STANDARD = "gnu++0x";
				CLANG_CXX_LIBRARY = "libc++";
				CLANG_ENABLE_MODULES = YES;
				CLANG_ENABLE_OBJC_ARC = YES;
				CLANG_WARN_BOOL_CONVERSION = YES;
				CLANG_WARN_CONSTANT_CONVERSION = YES;
				CLANG_WARN_DIRECT_OBJC_ISA_USAGE = YES_ERROR;
				CLANG_WARN_EMPTY_BODY = YES;
				CLANG_WARN_ENUM_CONVERSION = YES;
				CLANG_WARN_INT_CONVERSION = YES;
				CLANG_WARN_OBJC_ROOT_CLASS = YES_ERROR;
				CLANG_WARN_UNREACHABLE_CODE = YES;
				CLANG_WARN__DUPLICATE_METHOD_MATCH = YES;
				COPY_PHASE_STRIP = NO;
				DEBUG_INFORMATION_FORMAT = "dwarf-with-dsym";
				ENABLE_NS_ASSERTIONS = NO;
				ENABLE_STRICT_OBJC_MSGSEND = YES;
				GCC_C_LANGUAGE_STANDARD = gnu99;
				GCC_NO_COMMON_BLOCKS = YES;
				GCC_WARN_64_TO_32_BIT_CONVERSION = YES;
				GCC_WARN_ABOUT_RETURN_TYPE = YES_ERROR;
				GCC_WARN_UNDECLARED_SELECTOR = YES;
				GCC_WARN_UNINITIALIZED_AUTOS = YES_AGGRESSIVE;
				GCC_WARN_UNUSED_FUNCTION = YES;
				GCC_WARN_UNUSED_VARIABLE = YES;
				MACOSX_DEPLOYMENT_TARGET = 10.11;
				MTL_ENABLE_DEBUG_INFO = NO;
				SDKROOT = macosx;
			};
			name = Release;
		};
		A4EAB5C21CC1DAD7009E128A /* Debug */ = {
			isa = XCBuildConfiguration;
			buildSettings = {
				PRODUCT_NAME = "$(TARGET_NAME)";
			};
			name = Debug;
		};
		A4EAB5C31CC1DAD7009E128A /* Release */ = {
			isa = XCBuildConfiguration;
			buildSettings = {
				PRODUCT_NAME = "$(TARGET_NAME)";
			};
			name = Release;
		};
/* End XCBuildConfiguration section */

/* Begin XCConfigurationList section */
		A4EAB5B51CC1DAD7009E128A /* Build configuration list for PBXProject "CS155Project4-WangTiles" */ = {
			isa = XCConfigurationList;
			buildConfigurations = (
				A4EAB5BF1CC1DAD7009E128A /* Debug */,
				A4EAB5C01CC1DAD7009E128A /* Release */,
			);
			defaultConfigurationIsVisible = 0;
			defaultConfigurationName = Release;
		};
		A4EAB5C11CC1DAD7009E128A /* Build configuration list for PBXNativeTarget "CS155Project4-WangTiles" */ = {
			isa = XCConfigurationList;
			buildConfigurations = (
				A4EAB5C21CC1DAD7009E128A /* Debug */,
				A4EAB5C31CC1DAD7009E128A /* Release */,
			);
			defaultConfigurationIsVisible = 0;
		};
/* End XCConfigurationList section */
	};
	rootObject = A4EAB5B21CC1DAD7009E128A /* Project object */;
}
